
Microsoft Visual Studio Solution File, Format Version 12.00
# Visual Studio Version 17
VisualStudioVersion = 17.4.33122.133
MinimumVisualStudioVersion = 10.0.40219.1
Project("{9A19103F-16F7-4668-BE54-9A1E7A4F7556}") = "AndroidAppWear", "AndroidAppWear\AndroidAppWear.csproj", "{978CFE68-CA7F-4CC5-82B8-4DEAD433AFA5}"
EndProject
Project("{FAE04EC0-301F-11D3-BF4B-00C04F79EFBC}") = "AndroidAppPhone", "AndroidAppPhone\AndroidAppPhone.csproj", "{E530217E-CC58-4835-9979-5A02C9795BF3}"
EndProject
Global
	GlobalSection(SolutionConfigurationPlatforms) = preSolution
		Debug|Any CPU = Debug|Any CPU
		Release|Any CPU = Release|Any CPU
	EndGlobalSection
	GlobalSection(ProjectConfigurationPlatforms) = postSolution
		{978CFE68-CA7F-4CC5-82B8-4DEAD433AFA5}.Debug|Any CPU.ActiveCfg = Debug|Any CPU
		{978CFE68-CA7F-4CC5-82B8-4DEAD433AFA5}.Debug|Any CPU.Build.0 = Debug|Any CPU
		{978CFE68-CA7F-4CC5-82B8-4DEAD433AFA5}.Debug|Any CPU.Deploy.0 = Debug|Any CPU
		{978CFE68-CA7F-4CC5-82B8-4DEAD433AFA5}.Release|Any CPU.ActiveCfg = Release|Any CPU
		{978CFE68-CA7F-4CC5-82B8-4DEAD433AFA5}.Release|Any CPU.Build.0 = Release|Any CPU
		{978CFE68-CA7F-4CC5-82B8-4DEAD433AFA5}.Release|Any CPU.Deploy.0 = Release|Any CPU
		{E530217E-CC58-4835-9979-5A02C9795BF3}.Debug|Any CPU.ActiveCfg = Debug|Any CPU
		{E530217E-CC58-4835-9979-5A02C9795BF3}.Debug|Any CPU.Build.0 = Debug|Any CPU
		{E530217E-CC58-4835-9979-5A02C9795BF3}.Debug|Any CPU.Deploy.0 = Debug|Any CPU
		{E530217E-CC58-4835-9979-5A02C9795BF3}.Release|Any CPU.ActiveCfg = Release|Any CPU
		{E530217E-CC58-4835-9979-5A02C9795BF3}.Release|Any CPU.Build.0 = Release|Any CPU
		{E530217E-CC58-4835-9979-5A02C9795BF3}.Release|Any CPU.Deploy.0 = Release|Any CPU
	EndGlobalSection
	GlobalSection(SolutionProperties) = preSolution
		HideSolutionNode = FALSE
	EndGlobalSection
	GlobalSection(ExtensibilityGlobals) = postSolution
		SolutionGuid = {1793EF0C-D2C6-4685-B039-987AC36E76B6}
	EndGlobalSection
EndGlobal
